
Microsoft Visual Studio Solution File, Format Version 12.00
# Visual Studio 2013
VisualStudioVersion = 12.0.21005.1
MinimumVisualStudioVersion = 10.0.40219.1
Project("{8BC9CEB8-8B4A-11D0-8D11-00A0C91BC942}") = "WSELib", "WSELib\WSELib.vcxproj", "{E62244FA-12D6-4234-9C48-3A43EA2AA590}"
EndProject
Project("{8BC9CEB8-8B4A-11D0-8D11-00A0C91BC942}") = "WSELoader", "WSELoader\WSELoader.vcxproj", "{5197E85F-C6AA-4F27-84A6-9C9B54E50620}"
EndProject
Project("{FAE04EC0-301F-11D3-BF4B-00C04F79EFBC}") = "WSEProfiler", "WSEProfiler\WSEProfiler.csproj", "{CE3AFA9F-E34C-430E-BBEC-CF981797FC21}"
EndProject
Project("{8BC9CEB8-8B4A-11D0-8D11-00A0C91BC942}") = "WarbandLib", "WarbandLib\WarbandLib.vcxproj", "{7ED16498-7641-4F22-96AD-E071603A5658}"
EndProject
Global
	GlobalSection(SolutionConfigurationPlatforms) = preSolution
		Debug|Mixed Platforms = Debug|Mixed Platforms
		Debug|Win32 = Debug|Win32
		Debug|x86 = Debug|x86
		DebugDedicated|Mixed Platforms = DebugDedicated|Mixed Platforms
		DebugDedicated|Win32 = DebugDedicated|Win32
		DebugDedicated|x86 = DebugDedicated|x86
		DebugSteam|Mixed Platforms = DebugSteam|Mixed Platforms
		DebugSteam|Win32 = DebugSteam|Win32
		DebugSteam|x86 = DebugSteam|x86
		Release|Mixed Platforms = Release|Mixed Platforms
		Release|Win32 = Release|Win32
		Release|x86 = Release|x86
		ReleaseDedicated|Mixed Platforms = ReleaseDedicated|Mixed Platforms
		ReleaseDedicated|Win32 = ReleaseDedicated|Win32
		ReleaseDedicated|x86 = ReleaseDedicated|x86
		ReleaseNoSSE|Mixed Platforms = ReleaseNoSSE|Mixed Platforms
		ReleaseNoSSE|Win32 = ReleaseNoSSE|Win32
		ReleaseNoSSE|x86 = ReleaseNoSSE|x86
		ReleaseSteam|Mixed Platforms = ReleaseSteam|Mixed Platforms
		ReleaseSteam|Win32 = ReleaseSteam|Win32
		ReleaseSteam|x86 = ReleaseSteam|x86
		ReleaseSteamNoSSE|Mixed Platforms = ReleaseSteamNoSSE|Mixed Platforms
		ReleaseSteamNoSSE|Win32 = ReleaseSteamNoSSE|Win32
		ReleaseSteamNoSSE|x86 = ReleaseSteamNoSSE|x86
	EndGlobalSection
	GlobalSection(ProjectConfigurationPlatforms) = postSolution
		{E62244FA-12D6-4234-9C48-3A43EA2AA590}.Debug|Mixed Platforms.ActiveCfg = Debug|Win32
		{E62244FA-12D6-4234-9C48-3A43EA2AA590}.Debug|Mixed Platforms.Build.0 = Debug|Win32
		{E62244FA-12D6-4234-9C48-3A43EA2AA590}.Debug|Win32.ActiveCfg = Debug|Win32
		{E62244FA-12D6-4234-9C48-3A43EA2AA590}.Debug|Win32.Build.0 = Debug|Win32
		{E62244FA-12D6-4234-9C48-3A43EA2AA590}.Debug|x86.ActiveCfg = Debug|Win32
		{E62244FA-12D6-4234-9C48-3A43EA2AA590}.DebugDedicated|Mixed Platforms.ActiveCfg = DebugDedicated|Win32
		{E62244FA-12D6-4234-9C48-3A43EA2AA590}.DebugDedicated|Mixed Platforms.Build.0 = DebugDedicated|Win32
		{E62244FA-12D6-4234-9C48-3A43EA2AA590}.DebugDedicated|Win32.ActiveCfg = DebugDedicated|Win32
		{E62244FA-12D6-4234-9C48-3A43EA2AA590}.DebugDedicated|Win32.Build.0 = DebugDedicated|Win32
		{E62244FA-12D6-4234-9C48-3A43EA2AA590}.DebugDedicated|x86.ActiveCfg = DebugDedicated|Win32
		{E62244FA-12D6-4234-9C48-3A43EA2AA590}.DebugSteam|Mixed Platforms.ActiveCfg = DebugSteam|Win32
		{E62244FA-12D6-4234-9C48-3A43EA2AA590}.DebugSteam|Mixed Platforms.Build.0 = DebugSteam|Win32
		{E62244FA-12D6-4234-9C48-3A43EA2AA590}.DebugSteam|Win32.ActiveCfg = DebugSteam|Win32
		{E62244FA-12D6-4234-9C48-3A43EA2AA590}.DebugSteam|Win32.Build.0 = DebugSteam|Win32
		{E62244FA-12D6-4234-9C48-3A43EA2AA590}.DebugSteam|x86.ActiveCfg = DebugSteam|Win32
		{E62244FA-12D6-4234-9C48-3A43EA2AA590}.Release|Mixed Platforms.ActiveCfg = Release|Win32
		{E62244FA-12D6-4234-9C48-3A43EA2AA590}.Release|Mixed Platforms.Build.0 = Release|Win32
		{E62244FA-12D6-4234-9C48-3A43EA2AA590}.Release|Win32.ActiveCfg = Release|Win32
		{E62244FA-12D6-4234-9C48-3A43EA2AA590}.Release|Win32.Build.0 = Release|Win32
		{E62244FA-12D6-4234-9C48-3A43EA2AA590}.Release|x86.ActiveCfg = Release|Win32
		{E62244FA-12D6-4234-9C48-3A43EA2AA590}.ReleaseDedicated|Mixed Platforms.ActiveCfg = ReleaseDedicated|Win32
		{E62244FA-12D6-4234-9C48-3A43EA2AA590}.ReleaseDedicated|Mixed Platforms.Build.0 = ReleaseDedicated|Win32
		{E62244FA-12D6-4234-9C48-3A43EA2AA590}.ReleaseDedicated|Win32.ActiveCfg = ReleaseDedicated|Win32
		{E62244FA-12D6-4234-9C48-3A43EA2AA590}.ReleaseDedicated|Win32.Build.0 = ReleaseDedicated|Win32
		{E62244FA-12D6-4234-9C48-3A43EA2AA590}.ReleaseDedicated|x86.ActiveCfg = ReleaseDedicated|Win32
		{E62244FA-12D6-4234-9C48-3A43EA2AA590}.ReleaseNoSSE|Mixed Platforms.ActiveCfg = ReleaseNoSSE|Win32
		{E62244FA-12D6-4234-9C48-3A43EA2AA590}.ReleaseNoSSE|Mixed Platforms.Build.0 = ReleaseNoSSE|Win32
		{E62244FA-12D6-4234-9C48-3A43EA2AA590}.ReleaseNoSSE|Win32.ActiveCfg = ReleaseNoSSE|Win32
		{E62244FA-12D6-4234-9C48-3A43EA2AA590}.ReleaseNoSSE|Win32.Build.0 = ReleaseNoSSE|Win32
		{E62244FA-12D6-4234-9C48-3A43EA2AA590}.ReleaseNoSSE|x86.ActiveCfg = ReleaseNoSSE|Win32
		{E62244FA-12D6-4234-9C48-3A43EA2AA590}.ReleaseSteam|Mixed Platforms.ActiveCfg = ReleaseSteam|Win32
		{E62244FA-12D6-4234-9C48-3A43EA2AA590}.ReleaseSteam|Mixed Platforms.Build.0 = ReleaseSteam|Win32
		{E62244FA-12D6-4234-9C48-3A43EA2AA590}.ReleaseSteam|Win32.ActiveCfg = ReleaseSteam|Win32
		{E62244FA-12D6-4234-9C48-3A43EA2AA590}.ReleaseSteam|Win32.Build.0 = ReleaseSteam|Win32
		{E62244FA-12D6-4234-9C48-3A43EA2AA590}.ReleaseSteam|x86.ActiveCfg = ReleaseSteam|Win32
		{E62244FA-12D6-4234-9C48-3A43EA2AA590}.ReleaseSteamNoSSE|Mixed Platforms.ActiveCfg = ReleaseSteamNoSSE|Win32
		{E62244FA-12D6-4234-9C48-3A43EA2AA590}.ReleaseSteamNoSSE|Mixed Platforms.Build.0 = ReleaseSteamNoSSE|Win32
		{E62244FA-12D6-4234-9C48-3A43EA2AA590}.ReleaseSteamNoSSE|Win32.ActiveCfg = ReleaseSteamNoSSE|Win32
		{E62244FA-12D6-4234-9C48-3A43EA2AA590}.ReleaseSteamNoSSE|Win32.Build.0 = ReleaseSteamNoSSE|Win32
		{E62244FA-12D6-4234-9C48-3A43EA2AA590}.ReleaseSteamNoSSE|x86.ActiveCfg = ReleaseSteamNoSSE|Win32
		{5197E85F-C6AA-4F27-84A6-9C9B54E50620}.Debug|Mixed Platforms.ActiveCfg = Debug|Win32
		{5197E85F-C6AA-4F27-84A6-9C9B54E50620}.Debug|Mixed Platforms.Build.0 = Debug|Win32
		{5197E85F-C6AA-4F27-84A6-9C9B54E50620}.Debug|Win32.ActiveCfg = Debug|Win32
		{5197E85F-C6AA-4F27-84A6-9C9B54E50620}.Debug|Win32.Build.0 = Debug|Win32
		{5197E85F-C6AA-4F27-84A6-9C9B54E50620}.Debug|x86.ActiveCfg = Debug|Win32
		{5197E85F-C6AA-4F27-84A6-9C9B54E50620}.DebugDedicated|Mixed Platforms.ActiveCfg = DebugDedicated|Win32
		{5197E85F-C6AA-4F27-84A6-9C9B54E50620}.DebugDedicated|Mixed Platforms.Build.0 = DebugDedicated|Win32
		{5197E85F-C6AA-4F27-84A6-9C9B54E50620}.DebugDedicated|Win32.ActiveCfg = DebugDedicated|Win32
		{5197E85F-C6AA-4F27-84A6-9C9B54E50620}.DebugDedicated|Win32.Build.0 = DebugDedicated|Win32
		{5197E85F-C6AA-4F27-84A6-9C9B54E50620}.DebugDedicated|x86.ActiveCfg = DebugDedicated|Win32
		{5197E85F-C6AA-4F27-84A6-9C9B54E50620}.DebugSteam|Mixed Platforms.ActiveCfg = DebugSteam|Win32
		{5197E85F-C6AA-4F27-84A6-9C9B54E50620}.DebugSteam|Mixed Platforms.Build.0 = DebugSteam|Win32
		{5197E85F-C6AA-4F27-84A6-9C9B54E50620}.DebugSteam|Win32.ActiveCfg = DebugSteam|Win32
		{5197E85F-C6AA-4F27-84A6-9C9B54E50620}.DebugSteam|Win32.Build.0 = DebugSteam|Win32
		{5197E85F-C6AA-4F27-84A6-9C9B54E50620}.DebugSteam|x86.ActiveCfg = DebugSteam|Win32
		{5197E85F-C6AA-4F27-84A6-9C9B54E50620}.Release|Mixed Platforms.ActiveCfg = Release|Win32
		{5197E85F-C6AA-4F27-84A6-9C9B54E50620}.Release|Mixed Platforms.Build.0 = Release|Win32
		{5197E85F-C6AA-4F27-84A6-9C9B54E50620}.Release|Win32.ActiveCfg = Release|Win32
		{5197E85F-C6AA-4F27-84A6-9C9B54E50620}.Release|Win32.Build.0 = Release|Win32
		{5197E85F-C6AA-4F27-84A6-9C9B54E50620}.Release|x86.ActiveCfg = Release|Win32
		{5197E85F-C6AA-4F27-84A6-9C9B54E50620}.ReleaseDedicated|Mixed Platforms.ActiveCfg = ReleaseDedicated|Win32
		{5197E85F-C6AA-4F27-84A6-9C9B54E50620}.ReleaseDedicated|Mixed Platforms.Build.0 = ReleaseDedicated|Win32
		{5197E85F-C6AA-4F27-84A6-9C9B54E50620}.ReleaseDedicated|Win32.ActiveCfg = Release|Win32
		{5197E85F-C6AA-4F27-84A6-9C9B54E50620}.ReleaseDedicated|Win32.Build.0 = Release|Win32
		{5197E85F-C6AA-4F27-84A6-9C9B54E50620}.ReleaseDedicated|x86.ActiveCfg = Release|Win32
		{5197E85F-C6AA-4F27-84A6-9C9B54E50620}.ReleaseNoSSE|Mixed Platforms.ActiveCfg = Release|Win32
		{5197E85F-C6AA-4F27-84A6-9C9B54E50620}.ReleaseNoSSE|Mixed Platforms.Build.0 = Release|Win32
		{5197E85F-C6AA-4F27-84A6-9C9B54E50620}.ReleaseNoSSE|Win32.ActiveCfg = Release|Win32
		{5197E85F-C6AA-4F27-84A6-9C9B54E50620}.ReleaseNoSSE|Win32.Build.0 = Release|Win32
		{5197E85F-C6AA-4F27-84A6-9C9B54E50620}.ReleaseNoSSE|x86.ActiveCfg = Release|Win32
		{5197E85F-C6AA-4F27-84A6-9C9B54E50620}.ReleaseSteam|Mixed Platforms.ActiveCfg = Release|Win32
		{5197E85F-C6AA-4F27-84A6-9C9B54E50620}.ReleaseSteam|Mixed Platforms.Build.0 = Release|Win32
		{5197E85F-C6AA-4F27-84A6-9C9B54E50620}.ReleaseSteam|Win32.ActiveCfg = Release|Win32
		{5197E85F-C6AA-4F27-84A6-9C9B54E50620}.ReleaseSteam|Win32.Build.0 = Release|Win32
		{5197E85F-C6AA-4F27-84A6-9C9B54E50620}.ReleaseSteam|x86.ActiveCfg = Release|Win32
		{5197E85F-C6AA-4F27-84A6-9C9B54E50620}.ReleaseSteamNoSSE|Mixed Platforms.ActiveCfg = Release|Win32
		{5197E85F-C6AA-4F27-84A6-9C9B54E50620}.ReleaseSteamNoSSE|Mixed Platforms.Build.0 = Release|Win32
		{5197E85F-C6AA-4F27-84A6-9C9B54E50620}.ReleaseSteamNoSSE|Win32.ActiveCfg = Release|Win32
		{5197E85F-C6AA-4F27-84A6-9C9B54E50620}.ReleaseSteamNoSSE|Win32.Build.0 = Release|Win32
		{5197E85F-C6AA-4F27-84A6-9C9B54E50620}.ReleaseSteamNoSSE|x86.ActiveCfg = Release|Win32
		{CE3AFA9F-E34C-430E-BBEC-CF981797FC21}.Debug|Mixed Platforms.ActiveCfg = Debug|x86
		{CE3AFA9F-E34C-430E-BBEC-CF981797FC21}.Debug|Mixed Platforms.Build.0 = Debug|x86
		{CE3AFA9F-E34C-430E-BBEC-CF981797FC21}.Debug|Win32.ActiveCfg = Debug|x86
		{CE3AFA9F-E34C-430E-BBEC-CF981797FC21}.Debug|x86.ActiveCfg = Debug|x86
		{CE3AFA9F-E34C-430E-BBEC-CF981797FC21}.Debug|x86.Build.0 = Debug|x86
		{CE3AFA9F-E34C-430E-BBEC-CF981797FC21}.DebugDedicated|Mixed Platforms.ActiveCfg = Debug|x86
		{CE3AFA9F-E34C-430E-BBEC-CF981797FC21}.DebugDedicated|Mixed Platforms.Build.0 = Debug|x86
		{CE3AFA9F-E34C-430E-BBEC-CF981797FC21}.DebugDedicated|Win32.ActiveCfg = Debug|x86
		{CE3AFA9F-E34C-430E-BBEC-CF981797FC21}.DebugDedicated|x86.ActiveCfg = Debug|x86
		{CE3AFA9F-E34C-430E-BBEC-CF981797FC21}.DebugDedicated|x86.Build.0 = Debug|x86
		{CE3AFA9F-E34C-430E-BBEC-CF981797FC21}.DebugSteam|Mixed Platforms.ActiveCfg = Debug|x86
		{CE3AFA9F-E34C-430E-BBEC-CF981797FC21}.DebugSteam|Mixed Platforms.Build.0 = Debug|x86
		{CE3AFA9F-E34C-430E-BBEC-CF981797FC21}.DebugSteam|Win32.ActiveCfg = Debug|x86
		{CE3AFA9F-E34C-430E-BBEC-CF981797FC21}.DebugSteam|x86.ActiveCfg = Debug|x86
		{CE3AFA9F-E34C-430E-BBEC-CF981797FC21}.DebugSteam|x86.Build.0 = Debug|x86
		{CE3AFA9F-E34C-430E-BBEC-CF981797FC21}.Release|Mixed Platforms.ActiveCfg = Release|x86
		{CE3AFA9F-E34C-430E-BBEC-CF981797FC21}.Release|Mixed Platforms.Build.0 = Release|x86
		{CE3AFA9F-E34C-430E-BBEC-CF981797FC21}.Release|Win32.ActiveCfg = Release|x86
		{CE3AFA9F-E34C-430E-BBEC-CF981797FC21}.Release|x86.ActiveCfg = Release|x86
		{CE3AFA9F-E34C-430E-BBEC-CF981797FC21}.Release|x86.Build.0 = Release|x86
		{CE3AFA9F-E34C-430E-BBEC-CF981797FC21}.ReleaseDedicated|Mixed Platforms.ActiveCfg = Release|x86
		{CE3AFA9F-E34C-430E-BBEC-CF981797FC21}.ReleaseDedicated|Mixed Platforms.Build.0 = Release|x86
		{CE3AFA9F-E34C-430E-BBEC-CF981797FC21}.ReleaseDedicated|Win32.ActiveCfg = Release|x86
		{CE3AFA9F-E34C-430E-BBEC-CF981797FC21}.ReleaseDedicated|x86.ActiveCfg = Release|x86
		{CE3AFA9F-E34C-430E-BBEC-CF981797FC21}.ReleaseDedicated|x86.Build.0 = Release|x86
		{CE3AFA9F-E34C-430E-BBEC-CF981797FC21}.ReleaseNoSSE|Mixed Platforms.ActiveCfg = Release|x86
		{CE3AFA9F-E34C-430E-BBEC-CF981797FC21}.ReleaseNoSSE|Mixed Platforms.Build.0 = Release|x86
		{CE3AFA9F-E34C-430E-BBEC-CF981797FC21}.ReleaseNoSSE|Win32.ActiveCfg = Release|x86
		{CE3AFA9F-E34C-430E-BBEC-CF981797FC21}.ReleaseNoSSE|x86.ActiveCfg = Release|x86
		{CE3AFA9F-E34C-430E-BBEC-CF981797FC21}.ReleaseNoSSE|x86.Build.0 = Release|x86
		{CE3AFA9F-E34C-430E-BBEC-CF981797FC21}.ReleaseSteam|Mixed Platforms.ActiveCfg = Release|x86
		{CE3AFA9F-E34C-430E-BBEC-CF981797FC21}.ReleaseSteam|Mixed Platforms.Build.0 = Release|x86
		{CE3AFA9F-E34C-430E-BBEC-CF981797FC21}.ReleaseSteam|Win32.ActiveCfg = Release|x86
		{CE3AFA9F-E34C-430E-BBEC-CF981797FC21}.ReleaseSteam|x86.ActiveCfg = Release|x86
		{CE3AFA9F-E34C-430E-BBEC-CF981797FC21}.ReleaseSteam|x86.Build.0 = Release|x86
		{CE3AFA9F-E34C-430E-BBEC-CF981797FC21}.ReleaseSteamNoSSE|Mixed Platforms.ActiveCfg = Release|x86
		{CE3AFA9F-E34C-430E-BBEC-CF981797FC21}.ReleaseSteamNoSSE|Mixed Platforms.Build.0 = Release|x86
		{CE3AFA9F-E34C-430E-BBEC-CF981797FC21}.ReleaseSteamNoSSE|Win32.ActiveCfg = Release|x86
		{CE3AFA9F-E34C-430E-BBEC-CF981797FC21}.ReleaseSteamNoSSE|x86.ActiveCfg = Release|x86
		{CE3AFA9F-E34C-430E-BBEC-CF981797FC21}.ReleaseSteamNoSSE|x86.Build.0 = Release|x86
		{7ED16498-7641-4F22-96AD-E071603A5658}.Debug|Mixed Platforms.ActiveCfg = Debug|Win32
		{7ED16498-7641-4F22-96AD-E071603A5658}.Debug|Mixed Platforms.Build.0 = Debug|Win32
		{7ED16498-7641-4F22-96AD-E071603A5658}.Debug|Win32.ActiveCfg = Debug|Win32
		{7ED16498-7641-4F22-96AD-E071603A5658}.Debug|Win32.Build.0 = Debug|Win32
		{7ED16498-7641-4F22-96AD-E071603A5658}.Debug|x86.ActiveCfg = Debug|Win32
		{7ED16498-7641-4F22-96AD-E071603A5658}.DebugDedicated|Mixed Platforms.ActiveCfg = DebugDedicated|Win32
		{7ED16498-7641-4F22-96AD-E071603A5658}.DebugDedicated|Mixed Platforms.Build.0 = DebugDedicated|Win32
		{7ED16498-7641-4F22-96AD-E071603A5658}.DebugDedicated|Win32.ActiveCfg = Debug|Win32
		{7ED16498-7641-4F22-96AD-E071603A5658}.DebugDedicated|Win32.Build.0 = Debug|Win32
		{7ED16498-7641-4F22-96AD-E071603A5658}.DebugDedicated|x86.ActiveCfg = Debug|Win32
		{7ED16498-7641-4F22-96AD-E071603A5658}.DebugSteam|Mixed Platforms.ActiveCfg = DebugSteam|Win32
		{7ED16498-7641-4F22-96AD-E071603A5658}.DebugSteam|Mixed Platforms.Build.0 = DebugSteam|Win32
		{7ED16498-7641-4F22-96AD-E071603A5658}.DebugSteam|Win32.ActiveCfg = Debug|Win32
		{7ED16498-7641-4F22-96AD-E071603A5658}.DebugSteam|Win32.Build.0 = Debug|Win32
		{7ED16498-7641-4F22-96AD-E071603A5658}.DebugSteam|x86.ActiveCfg = Debug|Win32
		{7ED16498-7641-4F22-96AD-E071603A5658}.Release|Mixed Platforms.ActiveCfg = Release|Win32
		{7ED16498-7641-4F22-96AD-E071603A5658}.Release|Mixed Platforms.Build.0 = Release|Win32
		{7ED16498-7641-4F22-96AD-E071603A5658}.Release|Win32.ActiveCfg = Release|Win32
		{7ED16498-7641-4F22-96AD-E071603A5658}.Release|Win32.Build.0 = Release|Win32
		{7ED16498-7641-4F22-96AD-E071603A5658}.Release|x86.ActiveCfg = Release|Win32
		{7ED16498-7641-4F22-96AD-E071603A5658}.ReleaseDedicated|Mixed Platforms.ActiveCfg = ReleaseDedicated|Win32
		{7ED16498-7641-4F22-96AD-E071603A5658}.ReleaseDedicated|Mixed Platforms.Build.0 = ReleaseDedicated|Win32
		{7ED16498-7641-4F22-96AD-E071603A5658}.ReleaseDedicated|Win32.ActiveCfg = Release|Win32
		{7ED16498-7641-4F22-96AD-E071603A5658}.ReleaseDedicated|Win32.Build.0 = Release|Win32
		{7ED16498-7641-4F22-96AD-E071603A5658}.ReleaseDedicated|x86.ActiveCfg = Release|Win32
		{7ED16498-7641-4F22-96AD-E071603A5658}.ReleaseNoSSE|Mixed Platforms.ActiveCfg = ReleaseNoSSE|Win32
		{7ED16498-7641-4F22-96AD-E071603A5658}.ReleaseNoSSE|Mixed Platforms.Build.0 = ReleaseNoSSE|Win32
		{7ED16498-7641-4F22-96AD-E071603A5658}.ReleaseNoSSE|Win32.ActiveCfg = ReleaseNoSSE|Win32
		{7ED16498-7641-4F22-96AD-E071603A5658}.ReleaseNoSSE|Win32.Build.0 = ReleaseNoSSE|Win32
		{7ED16498-7641-4F22-96AD-E071603A5658}.ReleaseNoSSE|x86.ActiveCfg = ReleaseNoSSE|Win32
		{7ED16498-7641-4F22-96AD-E071603A5658}.ReleaseSteam|Mixed Platforms.ActiveCfg = ReleaseSteam|Win32
		{7ED16498-7641-4F22-96AD-E071603A5658}.ReleaseSteam|Mixed Platforms.Build.0 = ReleaseSteam|Win32
		{7ED16498-7641-4F22-96AD-E071603A5658}.ReleaseSteam|Win32.ActiveCfg = Release|Win32
		{7ED16498-7641-4F22-96AD-E071603A5658}.ReleaseSteam|Win32.Build.0 = Release|Win32
		{7ED16498-7641-4F22-96AD-E071603A5658}.ReleaseSteam|x86.ActiveCfg = Release|Win32
		{7ED16498-7641-4F22-96AD-E071603A5658}.ReleaseSteamNoSSE|Mixed Platforms.ActiveCfg = ReleaseSteamNoSSE|Win32
		{7ED16498-7641-4F22-96AD-E071603A5658}.ReleaseSteamNoSSE|Mixed Platforms.Build.0 = ReleaseSteamNoSSE|Win32
		{7ED16498-7641-4F22-96AD-E071603A5658}.ReleaseSteamNoSSE|Win32.ActiveCfg = ReleaseSteamNoSSE|Win32
		{7ED16498-7641-4F22-96AD-E071603A5658}.ReleaseSteamNoSSE|Win32.Build.0 = ReleaseSteamNoSSE|Win32
		{7ED16498-7641-4F22-96AD-E071603A5658}.ReleaseSteamNoSSE|x86.ActiveCfg = ReleaseSteamNoSSE|Win32
	EndGlobalSection
	GlobalSection(SolutionProperties) = preSolution
		HideSolutionNode = FALSE
	EndGlobalSection
EndGlobal
